
Microsoft Visual Studio Solution File, Format Version 12.00
# Visual Studio Version 16
VisualStudioVersion = 16.0.30717.126
MinimumVisualStudioVersion = 10.0.40219.1
Project("{FAE04EC0-301F-11D3-BF4B-00C04F79EFBC}") = "KerimProje.ToDo.DataAccess", "KerimProje.ToDo.DataAccess\KerimProje.ToDo.DataAccess.csproj", "{A1666083-4E82-4E54-B659-59218757A1DA}"
EndProject
Project("{FAE04EC0-301F-11D3-BF4B-00C04F79EFBC}") = "KerimProje.ToDo.Business", "KerimProje.ToDo.Business\KerimProje.ToDo.Business.csproj", "{5A81ACE9-92AE-46C8-9B03-508CE2A221AD}"
EndProject
Project("{FAE04EC0-301F-11D3-BF4B-00C04F79EFBC}") = "KerimProje.ToDo.Entities", "KerimProje.ToDo.Entities\KerimProje.ToDo.Entities.csproj", "{D71864D3-0E18-4767-A4A4-EFD5354A4B3D}"
EndProject
Project("{FAE04EC0-301F-11D3-BF4B-00C04F79EFBC}") = "KerimProje.ToDo.Web", "KerimProje.ToDo.Web\KerimProje.ToDo.Web.csproj", "{A481BDE9-D574-4719-AB54-1D8741CD199E}"
EndProject
Global
	GlobalSection(SolutionConfigurationPlatforms) = preSolution
		Debug|Any CPU = Debug|Any CPU
		Release|Any CPU = Release|Any CPU
	EndGlobalSection
	GlobalSection(ProjectConfigurationPlatforms) = postSolution
		{A1666083-4E82-4E54-B659-59218757A1DA}.Debug|Any CPU.ActiveCfg = Debug|Any CPU
		{A1666083-4E82-4E54-B659-59218757A1DA}.Debug|Any CPU.Build.0 = Debug|Any CPU
		{A1666083-4E82-4E54-B659-59218757A1DA}.Release|Any CPU.ActiveCfg = Release|Any CPU
		{A1666083-4E82-4E54-B659-59218757A1DA}.Release|Any CPU.Build.0 = Release|Any CPU
		{5A81ACE9-92AE-46C8-9B03-508CE2A221AD}.Debug|Any CPU.ActiveCfg = Debug|Any CPU
		{5A81ACE9-92AE-46C8-9B03-508CE2A221AD}.Debug|Any CPU.Build.0 = Debug|Any CPU
		{5A81ACE9-92AE-46C8-9B03-508CE2A221AD}.Release|Any CPU.ActiveCfg = Release|Any CPU
		{5A81ACE9-92AE-46C8-9B03-508CE2A221AD}.Release|Any CPU.Build.0 = Release|Any CPU
		{D71864D3-0E18-4767-A4A4-EFD5354A4B3D}.Debug|Any CPU.ActiveCfg = Debug|Any CPU
		{D71864D3-0E18-4767-A4A4-EFD5354A4B3D}.Debug|Any CPU.Build.0 = Debug|Any CPU
		{D71864D3-0E18-4767-A4A4-EFD5354A4B3D}.Release|Any CPU.ActiveCfg = Release|Any CPU
		{D71864D3-0E18-4767-A4A4-EFD5354A4B3D}.Release|Any CPU.Build.0 = Release|Any CPU
		{A481BDE9-D574-4719-AB54-1D8741CD199E}.Debug|Any CPU.ActiveCfg = Debug|Any CPU
		{A481BDE9-D574-4719-AB54-1D8741CD199E}.Debug|Any CPU.Build.0 = Debug|Any CPU
		{A481BDE9-D574-4719-AB54-1D8741CD199E}.Release|Any CPU.ActiveCfg = Release|Any CPU
		{A481BDE9-D574-4719-AB54-1D8741CD199E}.Release|Any CPU.Build.0 = Release|Any CPU
	EndGlobalSection
	GlobalSection(SolutionProperties) = preSolution
		HideSolutionNode = FALSE
	EndGlobalSection
	GlobalSection(ExtensibilityGlobals) = postSolution
		SolutionGuid = {73B295A2-5C19-4520-8E30-42B9C52ECC5E}
	EndGlobalSection
EndGlobal
